
Microsoft Visual Studio Solution File, Format Version 12.00
# Visual Studio 14
VisualStudioVersion = 14.0.25420.1
MinimumVisualStudioVersion = 10.0.40219.1
Project("{8BC9CEB8-8B4A-11D0-8D11-00A0C91BC942}") = "gi_data_win", "gi_data_win.vcxproj", "{B7A6A33D-C435-4D77-9393-89CA8A26D07B}"
EndProject
Project("{8BC9CEB8-8B4A-11D0-8D11-00A0C91BC942}") = "db", "..\..\..\..\..\any\db\builds\windows\db\db.vcxproj", "{DF13DDD1-B63F-4F97-A01E-F318468D6EAF}"
EndProject
Project("{8BC9CEB8-8B4A-11D0-8D11-00A0C91BC942}") = "thread", "..\..\..\..\..\any\thread\builds\window\thread\thread.vcxproj", "{505CC1DF-8CA8-4C06-A732-FC1224C61D8E}"
EndProject
Project("{2150E333-8FDC-42A3-9474-1A3956D46DE8}") = "contrib", "contrib", "{0BE03F91-6C02-47CE-8335-70E0C9D569E3}"
EndProject
Project("{8BC9CEB8-8B4A-11D0-8D11-00A0C91BC942}") = "agg", "..\..\..\..\..\contrib\agg\builds\windows\agg\agg.vcxproj", "{5837C177-ACCD-47E4-85A6-D3E7369D78A7}"
EndProject
Project("{8BC9CEB8-8B4A-11D0-8D11-00A0C91BC942}") = "freetype", "..\..\..\..\..\contrib\freetype\builds\windows\freetype\freetype.vcxproj", "{E359BF6A-69E8-4ECB-9937-B1D251C6992B}"
EndProject
Project("{8BC9CEB8-8B4A-11D0-8D11-00A0C91BC942}") = "opendtect", "..\..\..\..\..\contrib\opendtect\builds\windows\opendtect\opendtect.vcxproj", "{A42D2F72-25FF-4B16-A22A-2F3898F363B5}"
EndProject
Project("{8BC9CEB8-8B4A-11D0-8D11-00A0C91BC942}") = "png", "..\..\..\..\..\contrib\png\builds\windows\png\png.vcxproj", "{CB23EC69-2553-453B-B9D8-5EF0E0BB9D8B}"
EndProject
Project("{8BC9CEB8-8B4A-11D0-8D11-00A0C91BC942}") = "rcf", "..\..\..\..\..\contrib\rcf\builds\windows\rcf\rcf.vcxproj", "{3AB80F02-677D-4137-98D4-BB4F776AD699}"
EndProject
Project("{8BC9CEB8-8B4A-11D0-8D11-00A0C91BC942}") = "superludist", "..\..\..\..\..\contrib\superludist\superludist.vcxproj", "{B3B47708-1C4D-4B71-9B9E-7943947C069A}"
EndProject
Project("{8BC9CEB8-8B4A-11D0-8D11-00A0C91BC942}") = "superlumt", "..\..\..\..\..\contrib\superlumt\builds\windows\superlumt\superlumt.vcxproj", "{5B4C660A-46EE-4E6D-80B7-7469E02EE0CC}"
EndProject
Project("{8BC9CEB8-8B4A-11D0-8D11-00A0C91BC942}") = "xgboost", "..\..\..\..\..\contrib\xgboost\builds\windows\xgboost\xgboost.vcxproj", "{918CBCB6-5EDC-4A2B-9792-36503B6C968E}"
EndProject
Project("{8BC9CEB8-8B4A-11D0-8D11-00A0C91BC942}") = "zlib", "..\..\..\..\..\contrib\zlib\builds\windows\zlib\zlib.vcxproj", "{A00D03F6-3A7B-464A-88C5-60FE9F417638}"
EndProject
Project("{8BC9CEB8-8B4A-11D0-8D11-00A0C91BC942}") = "sqlite_vs2015", "..\..\..\..\..\contrib\sqlite\builds\windows\sqlite_vs2015\sqlite_vs2015.vcxproj", "{4EDD1782-5B23-44FD-8742-82D352C918E9}"
EndProject
Project("{8BC9CEB8-8B4A-11D0-8D11-00A0C91BC942}") = "gif_vs2015", "..\..\..\..\..\contrib\gif\builds\windows\gif_vs2015\gif_vs2015.vcxproj", "{C7ED9A95-E14B-493A-86D9-50FACCFD4A5D}"
EndProject
Project("{8BC9CEB8-8B4A-11D0-8D11-00A0C91BC942}") = "jpeg_vs_2015", "..\..\..\..\..\contrib\jpeg\builds\windows\jpeg_vs_2015\jpeg_vs_2015.vcxproj", "{899BB835-E1EB-4D66-9807-4A8F9D2A471D}"
EndProject
Project("{8BC9CEB8-8B4A-11D0-8D11-00A0C91BC942}") = "lmdb_vs2015", "..\..\..\..\..\contrib\lmdb\builds\windows\lmdb_vs2015\lmdb_vs2015.vcxproj", "{3C39F2EB-DA64-40C3-B97A-D59D8F84C7B8}"
EndProject
Project("{8BC9CEB8-8B4A-11D0-8D11-00A0C91BC942}") = "base", "..\..\..\..\..\any\base\builds\windows\base\base.vcxproj", "{B291924E-5276-489D-BC49-36B6B2A67386}"
EndProject
Project("{8BC9CEB8-8B4A-11D0-8D11-00A0C91BC942}") = "basin", "..\..\..\..\..\any\basin\builds\windows\basin\basin.vcxproj", "{7D52994B-0AA5-4515-90B6-85E212E024AC}"
EndProject
Project("{8BC9CEB8-8B4A-11D0-8D11-00A0C91BC942}") = "bridge", "..\..\..\..\..\any\bridge\builds\windows\bridge\bridge.vcxproj", "{31FC1F98-3AD5-4A32-B8F6-7C197C1A1169}"
EndProject
Project("{8BC9CEB8-8B4A-11D0-8D11-00A0C91BC942}") = "cgal", "..\..\..\..\..\any\cgal\builds\windows\cgal\cgal.vcxproj", "{34DA7A41-5B76-41DF-9FAD-0843C3DF1D48}"
EndProject
Project("{8BC9CEB8-8B4A-11D0-8D11-00A0C91BC942}") = "dml", "..\..\..\..\..\any\dml\builds\windows\dml\dml.vcxproj", "{48410DDB-F95B-4D9A-9749-8961315A0E7A}"
EndProject
Project("{8BC9CEB8-8B4A-11D0-8D11-00A0C91BC942}") = "gde", "..\..\..\..\..\any\gde\builds\windows\gde\gde.vcxproj", "{A9C7DB0A-02D1-4648-A0DE-5047E15DB62F}"
EndProject
Project("{8BC9CEB8-8B4A-11D0-8D11-00A0C91BC942}") = "geop", "..\..\..\..\..\any\geop\builds\windows\geop\geop.vcxproj", "{BF82DD91-91BA-4CDC-862F-76A9FB1701C9}"
EndProject
Project("{8BC9CEB8-8B4A-11D0-8D11-00A0C91BC942}") = "gfs", "..\..\..\..\..\any\gfs\builds\windows\gfs\gfs.vcxproj", "{199CEFF1-E834-4947-83B1-E80A2DB240A2}"
EndProject
Project("{8BC9CEB8-8B4A-11D0-8D11-00A0C91BC942}") = "map", "..\..\..\..\..\any\map\builds\windows\map\map.vcxproj", "{2285741D-9D82-4562-9908-D3F9F08184E6}"
EndProject
Project("{8BC9CEB8-8B4A-11D0-8D11-00A0C91BC942}") = "math", "..\..\..\..\..\any\math\builds\windows\math\math.vcxproj", "{820F2B4E-DB32-402A-A876-A4F5BCBF3568}"
EndProject
Project("{8BC9CEB8-8B4A-11D0-8D11-00A0C91BC942}") = "ogre", "..\..\..\..\..\any\ogre\builds\windows\ogre\ogre.vcxproj", "{BB795889-A377-4D19-BB8C-36E3BE407FFA}"
EndProject
Project("{8BC9CEB8-8B4A-11D0-8D11-00A0C91BC942}") = "petro", "..\..\..\..\..\any\petro\builds\windows\petro\petro.vcxproj", "{2B095FF9-B4C4-451B-BA06-06A4548F8CE0}"
EndProject
Project("{8BC9CEB8-8B4A-11D0-8D11-00A0C91BC942}") = "portfolio", "..\..\..\..\..\any\portfolio\builds\windows\portfolio\portfolio.vcxproj", "{3D4E4CD1-08E5-4D74-AABE-70593E928F0F}"
EndProject
Project("{8BC9CEB8-8B4A-11D0-8D11-00A0C91BC942}") = "sde", "..\..\..\..\..\any\sde\builds\windows\sde\sde.vcxproj", "{B973B798-9B6D-447C-98A6-C2E449205D97}"
EndProject
Project("{8BC9CEB8-8B4A-11D0-8D11-00A0C91BC942}") = "spatial", "..\..\..\..\..\any\spatial\builds\windows\spatial\spatial.vcxproj", "{10B5A5D4-32AB-4CC6-B20E-6CA1E74E894E}"
EndProject
Project("{8BC9CEB8-8B4A-11D0-8D11-00A0C91BC942}") = "vis", "..\..\..\..\..\any\vis\builds\windows\vis\vis.vcxproj", "{33A3E95A-A22E-4C0B-90E6-28793D2BDB23}"
EndProject
Global
	GlobalSection(SolutionConfigurationPlatforms) = preSolution
		Debug|x64 = Debug|x64
		Debug|x86 = Debug|x86
		Release|x64 = Release|x64
		Release|x86 = Release|x86
	EndGlobalSection
	GlobalSection(ProjectConfigurationPlatforms) = postSolution
		{B7A6A33D-C435-4D77-9393-89CA8A26D07B}.Debug|x64.ActiveCfg = Debug|x64
		{B7A6A33D-C435-4D77-9393-89CA8A26D07B}.Debug|x64.Build.0 = Debug|x64
		{B7A6A33D-C435-4D77-9393-89CA8A26D07B}.Debug|x86.ActiveCfg = Debug|Win32
		{B7A6A33D-C435-4D77-9393-89CA8A26D07B}.Debug|x86.Build.0 = Debug|Win32
		{B7A6A33D-C435-4D77-9393-89CA8A26D07B}.Release|x64.ActiveCfg = Release|x64
		{B7A6A33D-C435-4D77-9393-89CA8A26D07B}.Release|x64.Build.0 = Release|x64
		{B7A6A33D-C435-4D77-9393-89CA8A26D07B}.Release|x86.ActiveCfg = Release|Win32
		{B7A6A33D-C435-4D77-9393-89CA8A26D07B}.Release|x86.Build.0 = Release|Win32
		{DF13DDD1-B63F-4F97-A01E-F318468D6EAF}.Debug|x64.ActiveCfg = Debug|x64
		{DF13DDD1-B63F-4F97-A01E-F318468D6EAF}.Debug|x64.Build.0 = Debug|x64
		{DF13DDD1-B63F-4F97-A01E-F318468D6EAF}.Debug|x86.ActiveCfg = Debug|Win32
		{DF13DDD1-B63F-4F97-A01E-F318468D6EAF}.Debug|x86.Build.0 = Debug|Win32
		{DF13DDD1-B63F-4F97-A01E-F318468D6EAF}.Release|x64.ActiveCfg = Release|x64
		{DF13DDD1-B63F-4F97-A01E-F318468D6EAF}.Release|x64.Build.0 = Release|x64
		{DF13DDD1-B63F-4F97-A01E-F318468D6EAF}.Release|x86.ActiveCfg = Release|Win32
		{DF13DDD1-B63F-4F97-A01E-F318468D6EAF}.Release|x86.Build.0 = Release|Win32
		{505CC1DF-8CA8-4C06-A732-FC1224C61D8E}.Debug|x64.ActiveCfg = Debug|x64
		{505CC1DF-8CA8-4C06-A732-FC1224C61D8E}.Debug|x64.Build.0 = Debug|x64
		{505CC1DF-8CA8-4C06-A732-FC1224C61D8E}.Debug|x86.ActiveCfg = Debug|Win32
		{505CC1DF-8CA8-4C06-A732-FC1224C61D8E}.Debug|x86.Build.0 = Debug|Win32
		{505CC1DF-8CA8-4C06-A732-FC1224C61D8E}.Release|x64.ActiveCfg = Release|x64
		{505CC1DF-8CA8-4C06-A732-FC1224C61D8E}.Release|x64.Build.0 = Release|x64
		{505CC1DF-8CA8-4C06-A732-FC1224C61D8E}.Release|x86.ActiveCfg = Release|Win32
		{505CC1DF-8CA8-4C06-A732-FC1224C61D8E}.Release|x86.Build.0 = Release|Win32
		{5837C177-ACCD-47E4-85A6-D3E7369D78A7}.Debug|x64.ActiveCfg = Debug|x64
		{5837C177-ACCD-47E4-85A6-D3E7369D78A7}.Debug|x64.Build.0 = Debug|x64
		{5837C177-ACCD-47E4-85A6-D3E7369D78A7}.Debug|x86.ActiveCfg = Debug|Win32
		{5837C177-ACCD-47E4-85A6-D3E7369D78A7}.Debug|x86.Build.0 = Debug|Win32
		{5837C177-ACCD-47E4-85A6-D3E7369D78A7}.Release|x64.ActiveCfg = Release|x64
		{5837C177-ACCD-47E4-85A6-D3E7369D78A7}.Release|x64.Build.0 = Release|x64
		{5837C177-ACCD-47E4-85A6-D3E7369D78A7}.Release|x86.ActiveCfg = Release|Win32
		{5837C177-ACCD-47E4-85A6-D3E7369D78A7}.Release|x86.Build.0 = Release|Win32
		{E359BF6A-69E8-4ECB-9937-B1D251C6992B}.Debug|x64.ActiveCfg = Debug|x64
		{E359BF6A-69E8-4ECB-9937-B1D251C6992B}.Debug|x64.Build.0 = Debug|x64
		{E359BF6A-69E8-4ECB-9937-B1D251C6992B}.Debug|x86.ActiveCfg = Debug|Win32
		{E359BF6A-69E8-4ECB-9937-B1D251C6992B}.Debug|x86.Build.0 = Debug|Win32
		{E359BF6A-69E8-4ECB-9937-B1D251C6992B}.Release|x64.ActiveCfg = Release|x64
		{E359BF6A-69E8-4ECB-9937-B1D251C6992B}.Release|x64.Build.0 = Release|x64
		{E359BF6A-69E8-4ECB-9937-B1D251C6992B}.Release|x86.ActiveCfg = Release|Win32
		{E359BF6A-69E8-4ECB-9937-B1D251C6992B}.Release|x86.Build.0 = Release|Win32
		{A42D2F72-25FF-4B16-A22A-2F3898F363B5}.Debug|x64.ActiveCfg = Debug|x64
		{A42D2F72-25FF-4B16-A22A-2F3898F363B5}.Debug|x64.Build.0 = Debug|x64
		{A42D2F72-25FF-4B16-A22A-2F3898F363B5}.Debug|x86.ActiveCfg = Debug|Win32
		{A42D2F72-25FF-4B16-A22A-2F3898F363B5}.Debug|x86.Build.0 = Debug|Win32
		{A42D2F72-25FF-4B16-A22A-2F3898F363B5}.Release|x64.ActiveCfg = Release|x64
		{A42D2F72-25FF-4B16-A22A-2F3898F363B5}.Release|x64.Build.0 = Release|x64
		{A42D2F72-25FF-4B16-A22A-2F3898F363B5}.Release|x86.ActiveCfg = Release|Win32
		{A42D2F72-25FF-4B16-A22A-2F3898F363B5}.Release|x86.Build.0 = Release|Win32
		{CB23EC69-2553-453B-B9D8-5EF0E0BB9D8B}.Debug|x64.ActiveCfg = Debug|x64
		{CB23EC69-2553-453B-B9D8-5EF0E0BB9D8B}.Debug|x64.Build.0 = Debug|x64
		{CB23EC69-2553-453B-B9D8-5EF0E0BB9D8B}.Debug|x86.ActiveCfg = Debug|Win32
		{CB23EC69-2553-453B-B9D8-5EF0E0BB9D8B}.Debug|x86.Build.0 = Debug|Win32
		{CB23EC69-2553-453B-B9D8-5EF0E0BB9D8B}.Release|x64.ActiveCfg = Release|x64
		{CB23EC69-2553-453B-B9D8-5EF0E0BB9D8B}.Release|x64.Build.0 = Release|x64
		{CB23EC69-2553-453B-B9D8-5EF0E0BB9D8B}.Release|x86.ActiveCfg = Release|Win32
		{CB23EC69-2553-453B-B9D8-5EF0E0BB9D8B}.Release|x86.Build.0 = Release|Win32
		{3AB80F02-677D-4137-98D4-BB4F776AD699}.Debug|x64.ActiveCfg = Debug|x64
		{3AB80F02-677D-4137-98D4-BB4F776AD699}.Debug|x64.Build.0 = Debug|x64
		{3AB80F02-677D-4137-98D4-BB4F776AD699}.Debug|x86.ActiveCfg = Debug|Win32
		{3AB80F02-677D-4137-98D4-BB4F776AD699}.Debug|x86.Build.0 = Debug|Win32
		{3AB80F02-677D-4137-98D4-BB4F776AD699}.Release|x64.ActiveCfg = Release|x64
		{3AB80F02-677D-4137-98D4-BB4F776AD699}.Release|x64.Build.0 = Release|x64
		{3AB80F02-677D-4137-98D4-BB4F776AD699}.Release|x86.ActiveCfg = Release|Win32
		{3AB80F02-677D-4137-98D4-BB4F776AD699}.Release|x86.Build.0 = Release|Win32
		{B3B47708-1C4D-4B71-9B9E-7943947C069A}.Debug|x64.ActiveCfg = Debug|x64
		{B3B47708-1C4D-4B71-9B9E-7943947C069A}.Debug|x64.Build.0 = Debug|x64
		{B3B47708-1C4D-4B71-9B9E-7943947C069A}.Debug|x86.ActiveCfg = Debug|Win32
		{B3B47708-1C4D-4B71-9B9E-7943947C069A}.Debug|x86.Build.0 = Debug|Win32
		{B3B47708-1C4D-4B71-9B9E-7943947C069A}.Release|x64.ActiveCfg = Release|x64
		{B3B47708-1C4D-4B71-9B9E-7943947C069A}.Release|x64.Build.0 = Release|x64
		{B3B47708-1C4D-4B71-9B9E-7943947C069A}.Release|x86.ActiveCfg = Release|Win32
		{B3B47708-1C4D-4B71-9B9E-7943947C069A}.Release|x86.Build.0 = Release|Win32
		{5B4C660A-46EE-4E6D-80B7-7469E02EE0CC}.Debug|x64.ActiveCfg = Debug|x64
		{5B4C660A-46EE-4E6D-80B7-7469E02EE0CC}.Debug|x64.Build.0 = Debug|x64
		{5B4C660A-46EE-4E6D-80B7-7469E02EE0CC}.Debug|x86.ActiveCfg = Debug|Win32
		{5B4C660A-46EE-4E6D-80B7-7469E02EE0CC}.Debug|x86.Build.0 = Debug|Win32
		{5B4C660A-46EE-4E6D-80B7-7469E02EE0CC}.Release|x64.ActiveCfg = Release|x64
		{5B4C660A-46EE-4E6D-80B7-7469E02EE0CC}.Release|x64.Build.0 = Release|x64
		{5B4C660A-46EE-4E6D-80B7-7469E02EE0CC}.Release|x86.ActiveCfg = Release|Win32
		{5B4C660A-46EE-4E6D-80B7-7469E02EE0CC}.Release|x86.Build.0 = Release|Win32
		{918CBCB6-5EDC-4A2B-9792-36503B6C968E}.Debug|x64.ActiveCfg = Debug|x64
		{918CBCB6-5EDC-4A2B-9792-36503B6C968E}.Debug|x64.Build.0 = Debug|x64
		{918CBCB6-5EDC-4A2B-9792-36503B6C968E}.Debug|x86.ActiveCfg = Debug|Win32
		{918CBCB6-5EDC-4A2B-9792-36503B6C968E}.Debug|x86.Build.0 = Debug|Win32
		{918CBCB6-5EDC-4A2B-9792-36503B6C968E}.Release|x64.ActiveCfg = Release|x64
		{918CBCB6-5EDC-4A2B-9792-36503B6C968E}.Release|x64.Build.0 = Release|x64
		{918CBCB6-5EDC-4A2B-9792-36503B6C968E}.Release|x86.ActiveCfg = Release|Win32
		{918CBCB6-5EDC-4A2B-9792-36503B6C968E}.Release|x86.Build.0 = Release|Win32
		{A00D03F6-3A7B-464A-88C5-60FE9F417638}.Debug|x64.ActiveCfg = Debug|x64
		{A00D03F6-3A7B-464A-88C5-60FE9F417638}.Debug|x64.Build.0 = Debug|x64
		{A00D03F6-3A7B-464A-88C5-60FE9F417638}.Debug|x86.ActiveCfg = Debug|Win32
		{A00D03F6-3A7B-464A-88C5-60FE9F417638}.Debug|x86.Build.0 = Debug|Win32
		{A00D03F6-3A7B-464A-88C5-60FE9F417638}.Release|x64.ActiveCfg = Release|x64
		{A00D03F6-3A7B-464A-88C5-60FE9F417638}.Release|x64.Build.0 = Release|x64
		{A00D03F6-3A7B-464A-88C5-60FE9F417638}.Release|x86.ActiveCfg = Release|Win32
		{A00D03F6-3A7B-464A-88C5-60FE9F417638}.Release|x86.Build.0 = Release|Win32
		{4EDD1782-5B23-44FD-8742-82D352C918E9}.Debug|x64.ActiveCfg = Debug|x64
		{4EDD1782-5B23-44FD-8742-82D352C918E9}.Debug|x64.Build.0 = Debug|x64
		{4EDD1782-5B23-44FD-8742-82D352C918E9}.Debug|x86.ActiveCfg = Debug|Win32
		{4EDD1782-5B23-44FD-8742-82D352C918E9}.Debug|x86.Build.0 = Debug|Win32
		{4EDD1782-5B23-44FD-8742-82D352C918E9}.Release|x64.ActiveCfg = Release|x64
		{4EDD1782-5B23-44FD-8742-82D352C918E9}.Release|x64.Build.0 = Release|x64
		{4EDD1782-5B23-44FD-8742-82D352C918E9}.Release|x86.ActiveCfg = Release|Win32
		{4EDD1782-5B23-44FD-8742-82D352C918E9}.Release|x86.Build.0 = Release|Win32
		{C7ED9A95-E14B-493A-86D9-50FACCFD4A5D}.Debug|x64.ActiveCfg = Debug|x64
		{C7ED9A95-E14B-493A-86D9-50FACCFD4A5D}.Debug|x64.Build.0 = Debug|x64
		{C7ED9A95-E14B-493A-86D9-50FACCFD4A5D}.Debug|x86.ActiveCfg = Debug|Win32
		{C7ED9A95-E14B-493A-86D9-50FACCFD4A5D}.Debug|x86.Build.0 = Debug|Win32
		{C7ED9A95-E14B-493A-86D9-50FACCFD4A5D}.Release|x64.ActiveCfg = Release|x64
		{C7ED9A95-E14B-493A-86D9-50FACCFD4A5D}.Release|x64.Build.0 = Release|x64
		{C7ED9A95-E14B-493A-86D9-50FACCFD4A5D}.Release|x86.ActiveCfg = Release|Win32
		{C7ED9A95-E14B-493A-86D9-50FACCFD4A5D}.Release|x86.Build.0 = Release|Win32
		{899BB835-E1EB-4D66-9807-4A8F9D2A471D}.Debug|x64.ActiveCfg = Debug|x64
		{899BB835-E1EB-4D66-9807-4A8F9D2A471D}.Debug|x64.Build.0 = Debug|x64
		{899BB835-E1EB-4D66-9807-4A8F9D2A471D}.Debug|x86.ActiveCfg = Debug|Win32
		{899BB835-E1EB-4D66-9807-4A8F9D2A471D}.Debug|x86.Build.0 = Debug|Win32
		{899BB835-E1EB-4D66-9807-4A8F9D2A471D}.Release|x64.ActiveCfg = Release|x64
		{899BB835-E1EB-4D66-9807-4A8F9D2A471D}.Release|x64.Build.0 = Release|x64
		{899BB835-E1EB-4D66-9807-4A8F9D2A471D}.Release|x86.ActiveCfg = Release|Win32
		{899BB835-E1EB-4D66-9807-4A8F9D2A471D}.Release|x86.Build.0 = Release|Win32
		{3C39F2EB-DA64-40C3-B97A-D59D8F84C7B8}.Debug|x64.ActiveCfg = Debug|x64
		{3C39F2EB-DA64-40C3-B97A-D59D8F84C7B8}.Debug|x64.Build.0 = Debug|x64
		{3C39F2EB-DA64-40C3-B97A-D59D8F84C7B8}.Debug|x86.ActiveCfg = Debug|Win32
		{3C39F2EB-DA64-40C3-B97A-D59D8F84C7B8}.Debug|x86.Build.0 = Debug|Win32
		{3C39F2EB-DA64-40C3-B97A-D59D8F84C7B8}.Release|x64.ActiveCfg = Release|x64
		{3C39F2EB-DA64-40C3-B97A-D59D8F84C7B8}.Release|x64.Build.0 = Release|x64
		{3C39F2EB-DA64-40C3-B97A-D59D8F84C7B8}.Release|x86.ActiveCfg = Release|Win32
		{3C39F2EB-DA64-40C3-B97A-D59D8F84C7B8}.Release|x86.Build.0 = Release|Win32
		{B291924E-5276-489D-BC49-36B6B2A67386}.Debug|x64.ActiveCfg = Debug|x64
		{B291924E-5276-489D-BC49-36B6B2A67386}.Debug|x64.Build.0 = Debug|x64
		{B291924E-5276-489D-BC49-36B6B2A67386}.Debug|x86.ActiveCfg = Debug|Win32
		{B291924E-5276-489D-BC49-36B6B2A67386}.Debug|x86.Build.0 = Debug|Win32
		{B291924E-5276-489D-BC49-36B6B2A67386}.Release|x64.ActiveCfg = Release|x64
		{B291924E-5276-489D-BC49-36B6B2A67386}.Release|x64.Build.0 = Release|x64
		{B291924E-5276-489D-BC49-36B6B2A67386}.Release|x86.ActiveCfg = Release|Win32
		{B291924E-5276-489D-BC49-36B6B2A67386}.Release|x86.Build.0 = Release|Win32
		{7D52994B-0AA5-4515-90B6-85E212E024AC}.Debug|x64.ActiveCfg = Debug|x64
		{7D52994B-0AA5-4515-90B6-85E212E024AC}.Debug|x64.Build.0 = Debug|x64
		{7D52994B-0AA5-4515-90B6-85E212E024AC}.Debug|x86.ActiveCfg = Debug|Win32
		{7D52994B-0AA5-4515-90B6-85E212E024AC}.Debug|x86.Build.0 = Debug|Win32
		{7D52994B-0AA5-4515-90B6-85E212E024AC}.Release|x64.ActiveCfg = Release|x64
		{7D52994B-0AA5-4515-90B6-85E212E024AC}.Release|x64.Build.0 = Release|x64
		{7D52994B-0AA5-4515-90B6-85E212E024AC}.Release|x86.ActiveCfg = Release|Win32
		{7D52994B-0AA5-4515-90B6-85E212E024AC}.Release|x86.Build.0 = Release|Win32
		{31FC1F98-3AD5-4A32-B8F6-7C197C1A1169}.Debug|x64.ActiveCfg = Debug|x64
		{31FC1F98-3AD5-4A32-B8F6-7C197C1A1169}.Debug|x64.Build.0 = Debug|x64
		{31FC1F98-3AD5-4A32-B8F6-7C197C1A1169}.Debug|x86.ActiveCfg = Debug|Win32
		{31FC1F98-3AD5-4A32-B8F6-7C197C1A1169}.Debug|x86.Build.0 = Debug|Win32
		{31FC1F98-3AD5-4A32-B8F6-7C197C1A1169}.Release|x64.ActiveCfg = Release|x64
		{31FC1F98-3AD5-4A32-B8F6-7C197C1A1169}.Release|x64.Build.0 = Release|x64
		{31FC1F98-3AD5-4A32-B8F6-7C197C1A1169}.Release|x86.ActiveCfg = Release|Win32
		{31FC1F98-3AD5-4A32-B8F6-7C197C1A1169}.Release|x86.Build.0 = Release|Win32
		{34DA7A41-5B76-41DF-9FAD-0843C3DF1D48}.Debug|x64.ActiveCfg = Debug|x64
		{34DA7A41-5B76-41DF-9FAD-0843C3DF1D48}.Debug|x64.Build.0 = Debug|x64
		{34DA7A41-5B76-41DF-9FAD-0843C3DF1D48}.Debug|x86.ActiveCfg = Debug|Win32
		{34DA7A41-5B76-41DF-9FAD-0843C3DF1D48}.Debug|x86.Build.0 = Debug|Win32
		{34DA7A41-5B76-41DF-9FAD-0843C3DF1D48}.Release|x64.ActiveCfg = Release|x64
		{34DA7A41-5B76-41DF-9FAD-0843C3DF1D48}.Release|x64.Build.0 = Release|x64
		{34DA7A41-5B76-41DF-9FAD-0843C3DF1D48}.Release|x86.ActiveCfg = Release|Win32
		{34DA7A41-5B76-41DF-9FAD-0843C3DF1D48}.Release|x86.Build.0 = Release|Win32
		{48410DDB-F95B-4D9A-9749-8961315A0E7A}.Debug|x64.ActiveCfg = Debug|x64
		{48410DDB-F95B-4D9A-9749-8961315A0E7A}.Debug|x64.Build.0 = Debug|x64
		{48410DDB-F95B-4D9A-9749-8961315A0E7A}.Debug|x86.ActiveCfg = Debug|Win32
		{48410DDB-F95B-4D9A-9749-8961315A0E7A}.Debug|x86.Build.0 = Debug|Win32
		{48410DDB-F95B-4D9A-9749-8961315A0E7A}.Release|x64.ActiveCfg = Release|x64
		{48410DDB-F95B-4D9A-9749-8961315A0E7A}.Release|x64.Build.0 = Release|x64
		{48410DDB-F95B-4D9A-9749-8961315A0E7A}.Release|x86.ActiveCfg = Release|Win32
		{48410DDB-F95B-4D9A-9749-8961315A0E7A}.Release|x86.Build.0 = Release|Win32
		{A9C7DB0A-02D1-4648-A0DE-5047E15DB62F}.Debug|x64.ActiveCfg = Debug|x64
		{A9C7DB0A-02D1-4648-A0DE-5047E15DB62F}.Debug|x64.Build.0 = Debug|x64
		{A9C7DB0A-02D1-4648-A0DE-5047E15DB62F}.Debug|x86.ActiveCfg = Debug|Win32
		{A9C7DB0A-02D1-4648-A0DE-5047E15DB62F}.Debug|x86.Build.0 = Debug|Win32
		{A9C7DB0A-02D1-4648-A0DE-5047E15DB62F}.Release|x64.ActiveCfg = Release|x64
		{A9C7DB0A-02D1-4648-A0DE-5047E15DB62F}.Release|x64.Build.0 = Release|x64
		{A9C7DB0A-02D1-4648-A0DE-5047E15DB62F}.Release|x86.ActiveCfg = Release|Win32
		{A9C7DB0A-02D1-4648-A0DE-5047E15DB62F}.Release|x86.Build.0 = Release|Win32
		{BF82DD91-91BA-4CDC-862F-76A9FB1701C9}.Debug|x64.ActiveCfg = Debug|x64
		{BF82DD91-91BA-4CDC-862F-76A9FB1701C9}.Debug|x64.Build.0 = Debug|x64
		{BF82DD91-91BA-4CDC-862F-76A9FB1701C9}.Debug|x86.ActiveCfg = Debug|Win32
		{BF82DD91-91BA-4CDC-862F-76A9FB1701C9}.Debug|x86.Build.0 = Debug|Win32
		{BF82DD91-91BA-4CDC-862F-76A9FB1701C9}.Release|x64.ActiveCfg = Release|x64
		{BF82DD91-91BA-4CDC-862F-76A9FB1701C9}.Release|x64.Build.0 = Release|x64
		{BF82DD91-91BA-4CDC-862F-76A9FB1701C9}.Release|x86.ActiveCfg = Release|Win32
		{BF82DD91-91BA-4CDC-862F-76A9FB1701C9}.Release|x86.Build.0 = Release|Win32
		{199CEFF1-E834-4947-83B1-E80A2DB240A2}.Debug|x64.ActiveCfg = Debug|x64
		{199CEFF1-E834-4947-83B1-E80A2DB240A2}.Debug|x64.Build.0 = Debug|x64
		{199CEFF1-E834-4947-83B1-E80A2DB240A2}.Debug|x86.ActiveCfg = Debug|Win32
		{199CEFF1-E834-4947-83B1-E80A2DB240A2}.Debug|x86.Build.0 = Debug|Win32
		{199CEFF1-E834-4947-83B1-E80A2DB240A2}.Release|x64.ActiveCfg = Release|x64
		{199CEFF1-E834-4947-83B1-E80A2DB240A2}.Release|x64.Build.0 = Release|x64
		{199CEFF1-E834-4947-83B1-E80A2DB240A2}.Release|x86.ActiveCfg = Release|Win32
		{199CEFF1-E834-4947-83B1-E80A2DB240A2}.Release|x86.Build.0 = Release|Win32
		{2285741D-9D82-4562-9908-D3F9F08184E6}.Debug|x64.ActiveCfg = Debug|x64
		{2285741D-9D82-4562-9908-D3F9F08184E6}.Debug|x64.Build.0 = Debug|x64
		{2285741D-9D82-4562-9908-D3F9F08184E6}.Debug|x86.ActiveCfg = Debug|Win32
		{2285741D-9D82-4562-9908-D3F9F08184E6}.Debug|x86.Build.0 = Debug|Win32
		{2285741D-9D82-4562-9908-D3F9F08184E6}.Release|x64.ActiveCfg = Release|x64
		{2285741D-9D82-4562-9908-D3F9F08184E6}.Release|x64.Build.0 = Release|x64
		{2285741D-9D82-4562-9908-D3F9F08184E6}.Release|x86.ActiveCfg = Release|Win32
		{2285741D-9D82-4562-9908-D3F9F08184E6}.Release|x86.Build.0 = Release|Win32
		{820F2B4E-DB32-402A-A876-A4F5BCBF3568}.Debug|x64.ActiveCfg = Debug|x64
		{820F2B4E-DB32-402A-A876-A4F5BCBF3568}.Debug|x64.Build.0 = Debug|x64
		{820F2B4E-DB32-402A-A876-A4F5BCBF3568}.Debug|x86.ActiveCfg = Debug|Win32
		{820F2B4E-DB32-402A-A876-A4F5BCBF3568}.Debug|x86.Build.0 = Debug|Win32
		{820F2B4E-DB32-402A-A876-A4F5BCBF3568}.Release|x64.ActiveCfg = Release|x64
		{820F2B4E-DB32-402A-A876-A4F5BCBF3568}.Release|x64.Build.0 = Release|x64
		{820F2B4E-DB32-402A-A876-A4F5BCBF3568}.Release|x86.ActiveCfg = Release|Win32
		{820F2B4E-DB32-402A-A876-A4F5BCBF3568}.Release|x86.Build.0 = Release|Win32
		{BB795889-A377-4D19-BB8C-36E3BE407FFA}.Debug|x64.ActiveCfg = Debug|x64
		{BB795889-A377-4D19-BB8C-36E3BE407FFA}.Debug|x64.Build.0 = Debug|x64
		{BB795889-A377-4D19-BB8C-36E3BE407FFA}.Debug|x86.ActiveCfg = Debug|Win32
		{BB795889-A377-4D19-BB8C-36E3BE407FFA}.Debug|x86.Build.0 = Debug|Win32
		{BB795889-A377-4D19-BB8C-36E3BE407FFA}.Release|x64.ActiveCfg = Release|x64
		{BB795889-A377-4D19-BB8C-36E3BE407FFA}.Release|x64.Build.0 = Release|x64
		{BB795889-A377-4D19-BB8C-36E3BE407FFA}.Release|x86.ActiveCfg = Release|Win32
		{BB795889-A377-4D19-BB8C-36E3BE407FFA}.Release|x86.Build.0 = Release|Win32
		{2B095FF9-B4C4-451B-BA06-06A4548F8CE0}.Debug|x64.ActiveCfg = Debug|x64
		{2B095FF9-B4C4-451B-BA06-06A4548F8CE0}.Debug|x64.Build.0 = Debug|x64
		{2B095FF9-B4C4-451B-BA06-06A4548F8CE0}.Debug|x86.ActiveCfg = Debug|Win32
		{2B095FF9-B4C4-451B-BA06-06A4548F8CE0}.Debug|x86.Build.0 = Debug|Win32
		{2B095FF9-B4C4-451B-BA06-06A4548F8CE0}.Release|x64.ActiveCfg = Release|x64
		{2B095FF9-B4C4-451B-BA06-06A4548F8CE0}.Release|x64.Build.0 = Release|x64
		{2B095FF9-B4C4-451B-BA06-06A4548F8CE0}.Release|x86.ActiveCfg = Release|Win32
		{2B095FF9-B4C4-451B-BA06-06A4548F8CE0}.Release|x86.Build.0 = Release|Win32
		{3D4E4CD1-08E5-4D74-AABE-70593E928F0F}.Debug|x64.ActiveCfg = Debug|x64
		{3D4E4CD1-08E5-4D74-AABE-70593E928F0F}.Debug|x64.Build.0 = Debug|x64
		{3D4E4CD1-08E5-4D74-AABE-70593E928F0F}.Debug|x86.ActiveCfg = Debug|Win32
		{3D4E4CD1-08E5-4D74-AABE-70593E928F0F}.Debug|x86.Build.0 = Debug|Win32
		{3D4E4CD1-08E5-4D74-AABE-70593E928F0F}.Release|x64.ActiveCfg = Release|x64
		{3D4E4CD1-08E5-4D74-AABE-70593E928F0F}.Release|x64.Build.0 = Release|x64
		{3D4E4CD1-08E5-4D74-AABE-70593E928F0F}.Release|x86.ActiveCfg = Release|Win32
		{3D4E4CD1-08E5-4D74-AABE-70593E928F0F}.Release|x86.Build.0 = Release|Win32
		{B973B798-9B6D-447C-98A6-C2E449205D97}.Debug|x64.ActiveCfg = Debug|x64
		{B973B798-9B6D-447C-98A6-C2E449205D97}.Debug|x64.Build.0 = Debug|x64
		{B973B798-9B6D-447C-98A6-C2E449205D97}.Debug|x86.ActiveCfg = Debug|Win32
		{B973B798-9B6D-447C-98A6-C2E449205D97}.Debug|x86.Build.0 = Debug|Win32
		{B973B798-9B6D-447C-98A6-C2E449205D97}.Release|x64.ActiveCfg = Release|x64
		{B973B798-9B6D-447C-98A6-C2E449205D97}.Release|x64.Build.0 = Release|x64
		{B973B798-9B6D-447C-98A6-C2E449205D97}.Release|x86.ActiveCfg = Release|Win32
		{B973B798-9B6D-447C-98A6-C2E449205D97}.Release|x86.Build.0 = Release|Win32
		{10B5A5D4-32AB-4CC6-B20E-6CA1E74E894E}.Debug|x64.ActiveCfg = Debug|x64
		{10B5A5D4-32AB-4CC6-B20E-6CA1E74E894E}.Debug|x64.Build.0 = Debug|x64
		{10B5A5D4-32AB-4CC6-B20E-6CA1E74E894E}.Debug|x86.ActiveCfg = Debug|Win32
		{10B5A5D4-32AB-4CC6-B20E-6CA1E74E894E}.Debug|x86.Build.0 = Debug|Win32
		{10B5A5D4-32AB-4CC6-B20E-6CA1E74E894E}.Release|x64.ActiveCfg = Release|x64
		{10B5A5D4-32AB-4CC6-B20E-6CA1E74E894E}.Release|x64.Build.0 = Release|x64
		{10B5A5D4-32AB-4CC6-B20E-6CA1E74E894E}.Release|x86.ActiveCfg = Release|Win32
		{10B5A5D4-32AB-4CC6-B20E-6CA1E74E894E}.Release|x86.Build.0 = Release|Win32
		{33A3E95A-A22E-4C0B-90E6-28793D2BDB23}.Debug|x64.ActiveCfg = Debug|x64
		{33A3E95A-A22E-4C0B-90E6-28793D2BDB23}.Debug|x64.Build.0 = Debug|x64
		{33A3E95A-A22E-4C0B-90E6-28793D2BDB23}.Debug|x86.ActiveCfg = Debug|Win32
		{33A3E95A-A22E-4C0B-90E6-28793D2BDB23}.Debug|x86.Build.0 = Debug|Win32
		{33A3E95A-A22E-4C0B-90E6-28793D2BDB23}.Release|x64.ActiveCfg = Release|x64
		{33A3E95A-A22E-4C0B-90E6-28793D2BDB23}.Release|x64.Build.0 = Release|x64
		{33A3E95A-A22E-4C0B-90E6-28793D2BDB23}.Release|x86.ActiveCfg = Release|Win32
		{33A3E95A-A22E-4C0B-90E6-28793D2BDB23}.Release|x86.Build.0 = Release|Win32
	EndGlobalSection
	GlobalSection(SolutionProperties) = preSolution
		HideSolutionNode = FALSE
	EndGlobalSection
	GlobalSection(NestedProjects) = preSolution
		{5837C177-ACCD-47E4-85A6-D3E7369D78A7} = {0BE03F91-6C02-47CE-8335-70E0C9D569E3}
		{E359BF6A-69E8-4ECB-9937-B1D251C6992B} = {0BE03F91-6C02-47CE-8335-70E0C9D569E3}
		{A42D2F72-25FF-4B16-A22A-2F3898F363B5} = {0BE03F91-6C02-47CE-8335-70E0C9D569E3}
		{CB23EC69-2553-453B-B9D8-5EF0E0BB9D8B} = {0BE03F91-6C02-47CE-8335-70E0C9D569E3}
		{3AB80F02-677D-4137-98D4-BB4F776AD699} = {0BE03F91-6C02-47CE-8335-70E0C9D569E3}
		{B3B47708-1C4D-4B71-9B9E-7943947C069A} = {0BE03F91-6C02-47CE-8335-70E0C9D569E3}
		{5B4C660A-46EE-4E6D-80B7-7469E02EE0CC} = {0BE03F91-6C02-47CE-8335-70E0C9D569E3}
		{918CBCB6-5EDC-4A2B-9792-36503B6C968E} = {0BE03F91-6C02-47CE-8335-70E0C9D569E3}
		{A00D03F6-3A7B-464A-88C5-60FE9F417638} = {0BE03F91-6C02-47CE-8335-70E0C9D569E3}
		{4EDD1782-5B23-44FD-8742-82D352C918E9} = {0BE03F91-6C02-47CE-8335-70E0C9D569E3}
		{C7ED9A95-E14B-493A-86D9-50FACCFD4A5D} = {0BE03F91-6C02-47CE-8335-70E0C9D569E3}
		{899BB835-E1EB-4D66-9807-4A8F9D2A471D} = {0BE03F91-6C02-47CE-8335-70E0C9D569E3}
		{3C39F2EB-DA64-40C3-B97A-D59D8F84C7B8} = {0BE03F91-6C02-47CE-8335-70E0C9D569E3}
	EndGlobalSection
EndGlobal
